
Microsoft Visual Studio Solution File, Format Version 12.00
# Visual Studio 15
VisualStudioVersion = 15.0.28307.271
MinimumVisualStudioVersion = 10.0.40219.1
Project("{FAE04EC0-301F-11D3-BF4B-00C04F79EFBC}") = "WebApplication2", "WebApplication2\WebApplication2.csproj", "{F56BA973-8E12-46BD-9479-4AE1381B561C}"
EndProject
Global
	GlobalSection(SolutionConfigurationPlatforms) = preSolution
		Debug|Any CPU = Debug|Any CPU
		Release|Any CPU = Release|Any CPU
	EndGlobalSection
	GlobalSection(ProjectConfigurationPlatforms) = postSolution
		{F56BA973-8E12-46BD-9479-4AE1381B561C}.Debug|Any CPU.ActiveCfg = Debug|Any CPU
		{F56BA973-8E12-46BD-9479-4AE1381B561C}.Debug|Any CPU.Build.0 = Debug|Any CPU
		{F56BA973-8E12-46BD-9479-4AE1381B561C}.Release|Any CPU.ActiveCfg = Release|Any CPU
		{F56BA973-8E12-46BD-9479-4AE1381B561C}.Release|Any CPU.Build.0 = Release|Any CPU
	EndGlobalSection
	GlobalSection(SolutionProperties) = preSolution
		HideSolutionNode = FALSE
	EndGlobalSection
	GlobalSection(ExtensibilityGlobals) = postSolution
		SolutionGuid = {90A06114-984C-41B5-B98F-2FBAD5E493F8}
	EndGlobalSection
EndGlobal
